
Microsoft Visual Studio Solution File, Format Version 12.00
# Visual Studio Version 17
VisualStudioVersion = 17.0.31903.59
MinimumVisualStudioVersion = 10.0.40219.1
Project("{FAE04EC0-301F-11D3-BF4B-00C04F79EFBC}") = "ptcfinal", "ptcfinal\ptcfinal.csproj", "{F3EE7796-3491-45C8-A56B-DAFEE744492B}"
EndProject
Global
	GlobalSection(SolutionConfigurationPlatforms) = preSolution
		Debug|Any CPU = Debug|Any CPU
		Release|Any CPU = Release|Any CPU
	EndGlobalSection
	GlobalSection(ProjectConfigurationPlatforms) = postSolution
		{F3EE7796-3491-45C8-A56B-DAFEE744492B}.Debug|Any CPU.ActiveCfg = Debug|Any CPU
		{F3EE7796-3491-45C8-A56B-DAFEE744492B}.Debug|Any CPU.Build.0 = Debug|Any CPU
		{F3EE7796-3491-45C8-A56B-DAFEE744492B}.Release|Any CPU.ActiveCfg = Release|Any CPU
		{F3EE7796-3491-45C8-A56B-DAFEE744492B}.Release|Any CPU.Build.0 = Release|Any CPU
	EndGlobalSection
	GlobalSection(SolutionProperties) = preSolution
		HideSolutionNode = FALSE
	EndGlobalSection
	GlobalSection(ExtensibilityGlobals) = postSolution
		SolutionGuid = {60542088-F0E9-4C03-A3A2-37BBB9181B63}
	EndGlobalSection
EndGlobal
